// !$*UTF8*$!
{
	archiveVersion = 1;
	classes = {
	};
	objectVersion = 55;
	objects = {

/* Begin PBXBuildFile section */
		37992B70B4F6EA5FB58FD1CF /* Pods_iOS_iOSUITests.framework in Frameworks */ = {isa = PBXBuildFile; fileRef = 5D43C2FF43F1729C2C48E408 /* Pods_iOS_iOSUITests.framework */; };
		4C979ABCA977AE069C858B71 /* Pods_iOS.framework in Frameworks */ = {isa = PBXBuildFile; fileRef = 3CAC0DFADA93CD3A7E82CC63 /* Pods_iOS.framework */; };
		6324C55A276CF7B700A6C0D9 /* AppDelegate.swift in Sources */ = {isa = PBXBuildFile; fileRef = 6324C559276CF7B700A6C0D9 /* AppDelegate.swift */; };
		6324C55C276CF7B700A6C0D9 /* SceneDelegate.swift in Sources */ = {isa = PBXBuildFile; fileRef = 6324C55B276CF7B700A6C0D9 /* SceneDelegate.swift */; };
		6324C55E276CF7B700A6C0D9 /* ViewController.swift in Sources */ = {isa = PBXBuildFile; fileRef = 6324C55D276CF7B700A6C0D9 /* ViewController.swift */; };
		6324C561276CF7B700A6C0D9 /* Main.storyboard in Resources */ = {isa = PBXBuildFile; fileRef = 6324C55F276CF7B700A6C0D9 /* Main.storyboard */; };
		6324C563276CF7B700A6C0D9 /* Assets.xcassets in Resources */ = {isa = PBXBuildFile; fileRef = 6324C562276CF7B700A6C0D9 /* Assets.xcassets */; };
		6324C566276CF7B700A6C0D9 /* LaunchScreen.storyboard in Resources */ = {isa = PBXBuildFile; fileRef = 6324C564276CF7B700A6C0D9 /* LaunchScreen.storyboard */; };
		6324C571276CF7B700A6C0D9 /* iOSTests.swift in Sources */ = {isa = PBXBuildFile; fileRef = 6324C570276CF7B700A6C0D9 /* iOSTests.swift */; };
		6324C57B276CF7B700A6C0D9 /* iOSUITests.swift in Sources */ = {isa = PBXBuildFile; fileRef = 6324C57A276CF7B700A6C0D9 /* iOSUITests.swift */; };
		6324C57D276CF7B700A6C0D9 /* iOSUITestsLaunchTests.swift in Sources */ = {isa = PBXBuildFile; fileRef = 6324C57C276CF7B700A6C0D9 /* iOSUITestsLaunchTests.swift */; };
		DF2F3AA3CAB72841D419C9D8 /* Pods_iOSTests.framework in Frameworks */ = {isa = PBXBuildFile; fileRef = 02857BCBF5BB7268647FACAE /* Pods_iOSTests.framework */; };
/* End PBXBuildFile section */

/* Begin PBXContainerItemProxy section */
		6324C56D276CF7B700A6C0D9 /* PBXContainerItemProxy */ = {
			isa = PBXContainerItemProxy;
			containerPortal = 6324C54E276CF7B700A6C0D9 /* Project object */;
			proxyType = 1;
			remoteGlobalIDString = 6324C555276CF7B700A6C0D9;
			remoteInfo = iOS;
		};
		6324C577276CF7B700A6C0D9 /* PBXContainerItemProxy */ = {
			isa = PBXContainerItemProxy;
			containerPortal = 6324C54E276CF7B700A6C0D9 /* Project object */;
			proxyType = 1;
			remoteGlobalIDString = 6324C555276CF7B700A6C0D9;
			remoteInfo = iOS;
		};
/* End PBXContainerItemProxy section */

/* Begin PBXFileReference section */
		02857BCBF5BB7268647FACAE /* Pods_iOSTests.framework */ = {isa = PBXFileReference; explicitFileType = wrapper.framework; includeInIndex = 0; path = Pods_iOSTests.framework; sourceTree = BUILT_PRODUCTS_DIR; };
		17753F0FFB57FBF1327B47F3 /* Pods-iOSTests.release.xcconfig */ = {isa = PBXFileReference; includeInIndex = 1; lastKnownFileType = text.xcconfig; name = "Pods-iOSTests.release.xcconfig"; path = "Target Support Files/Pods-iOSTests/Pods-iOSTests.release.xcconfig"; sourceTree = "<group>"; };
		3CAC0DFADA93CD3A7E82CC63 /* Pods_iOS.framework */ = {isa = PBXFileReference; explicitFileType = wrapper.framework; includeInIndex = 0; path = Pods_iOS.framework; sourceTree = BUILT_PRODUCTS_DIR; };
		5D43C2FF43F1729C2C48E408 /* Pods_iOS_iOSUITests.framework */ = {isa = PBXFileReference; explicitFileType = wrapper.framework; includeInIndex = 0; path = Pods_iOS_iOSUITests.framework; sourceTree = BUILT_PRODUCTS_DIR; };
		6324C556276CF7B700A6C0D9 /* iOS.app */ = {isa = PBXFileReference; explicitFileType = wrapper.application; includeInIndex = 0; path = iOS.app; sourceTree = BUILT_PRODUCTS_DIR; };
		6324C559276CF7B700A6C0D9 /* AppDelegate.swift */ = {isa = PBXFileReference; lastKnownFileType = sourcecode.swift; path = AppDelegate.swift; sourceTree = "<group>"; };
		6324C55B276CF7B700A6C0D9 /* SceneDelegate.swift */ = {isa = PBXFileReference; lastKnownFileType = sourcecode.swift; path = SceneDelegate.swift; sourceTree = "<group>"; };
		6324C55D276CF7B700A6C0D9 /* ViewController.swift */ = {isa = PBXFileReference; lastKnownFileType = sourcecode.swift; path = ViewController.swift; sourceTree = "<group>"; };
		6324C560276CF7B700A6C0D9 /* Base */ = {isa = PBXFileReference; lastKnownFileType = file.storyboard; name = Base; path = Base.lproj/Main.storyboard; sourceTree = "<group>"; };
		6324C562276CF7B700A6C0D9 /* Assets.xcassets */ = {isa = PBXFileReference; lastKnownFileType = folder.assetcatalog; path = Assets.xcassets; sourceTree = "<group>"; };
		6324C565276CF7B700A6C0D9 /* Base */ = {isa = PBXFileReference; lastKnownFileType = file.storyboard; name = Base; path = Base.lproj/LaunchScreen.storyboard; sourceTree = "<group>"; };
		6324C567276CF7B700A6C0D9 /* Info.plist */ = {isa = PBXFileReference; lastKnownFileType = text.plist.xml; path = Info.plist; sourceTree = "<group>"; };
		6324C56C276CF7B700A6C0D9 /* iOSTests.xctest */ = {isa = PBXFileReference; explicitFileType = wrapper.cfbundle; includeInIndex = 0; path = iOSTests.xctest; sourceTree = BUILT_PRODUCTS_DIR; };
		6324C570276CF7B700A6C0D9 /* iOSTests.swift */ = {isa = PBXFileReference; lastKnownFileType = sourcecode.swift; path = iOSTests.swift; sourceTree = "<group>"; };
		6324C576276CF7B700A6C0D9 /* iOSUITests.xctest */ = {isa = PBXFileReference; explicitFileType = wrapper.cfbundle; includeInIndex = 0; path = iOSUITests.xctest; sourceTree = BUILT_PRODUCTS_DIR; };
		6324C57A276CF7B700A6C0D9 /* iOSUITests.swift */ = {isa = PBXFileReference; lastKnownFileType = sourcecode.swift; path = iOSUITests.swift; sourceTree = "<group>"; };
		6324C57C276CF7B700A6C0D9 /* iOSUITestsLaunchTests.swift */ = {isa = PBXFileReference; lastKnownFileType = sourcecode.swift; path = iOSUITestsLaunchTests.swift; sourceTree = "<group>"; };
		63B6114262AABDA8FF263245 /* Pods-iOS.debug.xcconfig */ = {isa = PBXFileReference; includeInIndex = 1; lastKnownFileType = text.xcconfig; name = "Pods-iOS.debug.xcconfig"; path = "Target Support Files/Pods-iOS/Pods-iOS.debug.xcconfig"; sourceTree = "<group>"; };
		7984EFABFED80270313A2543 /* Pods-iOS-iOSUITests.debug.xcconfig */ = {isa = PBXFileReference; includeInIndex = 1; lastKnownFileType = text.xcconfig; name = "Pods-iOS-iOSUITests.debug.xcconfig"; path = "Target Support Files/Pods-iOS-iOSUITests/Pods-iOS-iOSUITests.debug.xcconfig"; sourceTree = "<group>"; };
		A8ADC5DE11BC348E0577BBA0 /* Pods-iOS-iOSUITests.release.xcconfig */ = {isa = PBXFileReference; includeInIndex = 1; lastKnownFileType = text.xcconfig; name = "Pods-iOS-iOSUITests.release.xcconfig"; path = "Target Support Files/Pods-iOS-iOSUITests/Pods-iOS-iOSUITests.release.xcconfig"; sourceTree = "<group>"; };
		C5F3FCFA458B4941EECF687B /* Pods-iOS.release.xcconfig */ = {isa = PBXFileReference; includeInIndex = 1; lastKnownFileType = text.xcconfig; name = "Pods-iOS.release.xcconfig"; path = "Target Support Files/Pods-iOS/Pods-iOS.release.xcconfig"; sourceTree = "<group>"; };
		E0ECB1037960235BD62C87B2 /* Pods-iOSTests.debug.xcconfig */ = {isa = PBXFileReference; includeInIndex = 1; lastKnownFileType = text.xcconfig; name = "Pods-iOSTests.debug.xcconfig"; path = "Target Support Files/Pods-iOSTests/Pods-iOSTests.debug.xcconfig"; sourceTree = "<group>"; };
/* End PBXFileReference section */

/* Begin PBXFrameworksBuildPhase section */
		6324C553276CF7B700A6C0D9 /* Frameworks */ = {
			isa = PBXFrameworksBuildPhase;
			buildActionMask = 2147483647;
			files = (
				4C979ABCA977AE069C858B71 /* Pods_iOS.framework in Frameworks */,
			);
			runOnlyForDeploymentPostprocessing = 0;
		};
		6324C569276CF7B700A6C0D9 /* Frameworks */ = {
			isa = PBXFrameworksBuildPhase;
			buildActionMask = 2147483647;
			files = (
				DF2F3AA3CAB72841D419C9D8 /* Pods_iOSTests.framework in Frameworks */,
			);
			runOnlyForDeploymentPostprocessing = 0;
		};
		6324C573276CF7B700A6C0D9 /* Frameworks */ = {
			isa = PBXFrameworksBuildPhase;
			buildActionMask = 2147483647;
			files = (
				37992B70B4F6EA5FB58FD1CF /* Pods_iOS_iOSUITests.framework in Frameworks */,
			);
			runOnlyForDeploymentPostprocessing = 0;
		};
/* End PBXFrameworksBuildPhase section */

/* Begin PBXGroup section */
		6324C54D276CF7B700A6C0D9 = {
			isa = PBXGroup;
			children = (
				6324C558276CF7B700A6C0D9 /* iOS */,
				6324C56F276CF7B700A6C0D9 /* iOSTests */,
				6324C579276CF7B700A6C0D9 /* iOSUITests */,
				6324C557276CF7B700A6C0D9 /* Products */,
				73CDEC498E2779E60779CBAE /* Pods */,
				D073DCF18F6844512FA1AC32 /* Frameworks */,
			);
			sourceTree = "<group>";
		};
		6324C557276CF7B700A6C0D9 /* Products */ = {
			isa = PBXGroup;
			children = (
				6324C556276CF7B700A6C0D9 /* iOS.app */,
				6324C56C276CF7B700A6C0D9 /* iOSTests.xctest */,
				6324C576276CF7B700A6C0D9 /* iOSUITests.xctest */,
			);
			name = Products;
			sourceTree = "<group>";
		};
		6324C558276CF7B700A6C0D9 /* iOS */ = {
			isa = PBXGroup;
			children = (
				6324C559276CF7B700A6C0D9 /* AppDelegate.swift */,
				6324C55B276CF7B700A6C0D9 /* SceneDelegate.swift */,
				6324C55D276CF7B700A6C0D9 /* ViewController.swift */,
				6324C55F276CF7B700A6C0D9 /* Main.storyboard */,
				6324C562276CF7B700A6C0D9 /* Assets.xcassets */,
				6324C564276CF7B700A6C0D9 /* LaunchScreen.storyboard */,
				6324C567276CF7B700A6C0D9 /* Info.plist */,
			);
			path = iOS;
			sourceTree = "<group>";
		};
		6324C56F276CF7B700A6C0D9 /* iOSTests */ = {
			isa = PBXGroup;
			children = (
				6324C570276CF7B700A6C0D9 /* iOSTests.swift */,
			);
			path = iOSTests;
			sourceTree = "<group>";
		};
		6324C579276CF7B700A6C0D9 /* iOSUITests */ = {
			isa = PBXGroup;
			children = (
				6324C57A276CF7B700A6C0D9 /* iOSUITests.swift */,
				6324C57C276CF7B700A6C0D9 /* iOSUITestsLaunchTests.swift */,
			);
			path = iOSUITests;
			sourceTree = "<group>";
		};
		73CDEC498E2779E60779CBAE /* Pods */ = {
			isa = PBXGroup;
			children = (
				63B6114262AABDA8FF263245 /* Pods-iOS.debug.xcconfig */,
				C5F3FCFA458B4941EECF687B /* Pods-iOS.release.xcconfig */,
				7984EFABFED80270313A2543 /* Pods-iOS-iOSUITests.debug.xcconfig */,
				A8ADC5DE11BC348E0577BBA0 /* Pods-iOS-iOSUITests.release.xcconfig */,
				E0ECB1037960235BD62C87B2 /* Pods-iOSTests.debug.xcconfig */,
				17753F0FFB57FBF1327B47F3 /* Pods-iOSTests.release.xcconfig */,
			);
			name = Pods;
			path = Pods;
			sourceTree = "<group>";
		};
		D073DCF18F6844512FA1AC32 /* Frameworks */ = {
			isa = PBXGroup;
			children = (
				3CAC0DFADA93CD3A7E82CC63 /* Pods_iOS.framework */,
				5D43C2FF43F1729C2C48E408 /* Pods_iOS_iOSUITests.framework */,
				02857BCBF5BB7268647FACAE /* Pods_iOSTests.framework */,
			);
			name = Frameworks;
			sourceTree = "<group>";
		};
/* End PBXGroup section */

/* Begin PBXNativeTarget section */
		6324C555276CF7B700A6C0D9 /* iOS */ = {
			isa = PBXNativeTarget;
			buildConfigurationList = 6324C580276CF7B700A6C0D9 /* Build configuration list for PBXNativeTarget "iOS" */;
			buildPhases = (
				AD165520ACDC5322AAB2B860 /* [CP] Check Pods Manifest.lock */,
				D8732CB3D68C5CDBA80E7134 /* [CP-User] Run Flutter Build add_app Script */,
				6324C552276CF7B700A6C0D9 /* Sources */,
				6324C553276CF7B700A6C0D9 /* Frameworks */,
				6324C554276CF7B700A6C0D9 /* Resources */,
				749C978F9C5EE74A97E4B74F /* [CP] Embed Pods Frameworks */,
			);
			buildRules = (
			);
			dependencies = (
			);
			name = iOS;
			productName = iOS;
			productReference = 6324C556276CF7B700A6C0D9 /* iOS.app */;
			productType = "com.apple.product-type.application";
		};
		6324C56B276CF7B700A6C0D9 /* iOSTests */ = {
			isa = PBXNativeTarget;
			buildConfigurationList = 6324C583276CF7B700A6C0D9 /* Build configuration list for PBXNativeTarget "iOSTests" */;
			buildPhases = (
				5B542C3354039BDBB1B8710F /* [CP] Check Pods Manifest.lock */,
				6324C568276CF7B700A6C0D9 /* Sources */,
				6324C569276CF7B700A6C0D9 /* Frameworks */,
				6324C56A276CF7B700A6C0D9 /* Resources */,
			);
			buildRules = (
			);
			dependencies = (
				6324C56E276CF7B700A6C0D9 /* PBXTargetDependency */,
			);
			name = iOSTests;
			productName = iOSTests;
			productReference = 6324C56C276CF7B700A6C0D9 /* iOSTests.xctest */;
			productType = "com.apple.product-type.bundle.unit-test";
		};
		6324C575276CF7B700A6C0D9 /* iOSUITests */ = {
			isa = PBXNativeTarget;
			buildConfigurationList = 6324C586276CF7B700A6C0D9 /* Build configuration list for PBXNativeTarget "iOSUITests" */;
			buildPhases = (
				EDE23AA16C6CD7B900CE883B /* [CP] Check Pods Manifest.lock */,
				6324C572276CF7B700A6C0D9 /* Sources */,
				6324C573276CF7B700A6C0D9 /* Frameworks */,
				6324C574276CF7B700A6C0D9 /* Resources */,
				0A8744A60F089BA7A3C9AC81 /* [CP] Embed Pods Frameworks */,
			);
			buildRules = (
			);
			dependencies = (
				6324C578276CF7B700A6C0D9 /* PBXTargetDependency */,
			);
			name = iOSUITests;
			productName = iOSUITests;
			productReference = 6324C576276CF7B700A6C0D9 /* iOSUITests.xctest */;
			productType = "com.apple.product-type.bundle.ui-testing";
		};
/* End PBXNativeTarget section */

/* Begin PBXProject section */
		6324C54E276CF7B700A6C0D9 /* Project object */ = {
			isa = PBXProject;
			attributes = {
				BuildIndependentTargetsInParallel = 1;
				LastSwiftUpdateCheck = 1320;
				LastUpgradeCheck = 1320;
				TargetAttributes = {
					6324C555276CF7B700A6C0D9 = {
						CreatedOnToolsVersion = 13.2;
					};
					6324C56B276CF7B700A6C0D9 = {
						CreatedOnToolsVersion = 13.2;
						TestTargetID = 6324C555276CF7B700A6C0D9;
					};
					6324C575276CF7B700A6C0D9 = {
						CreatedOnToolsVersion = 13.2;
						TestTargetID = 6324C555276CF7B700A6C0D9;
					};
				};
			};
			buildConfigurationList = 6324C551276CF7B700A6C0D9 /* Build configuration list for PBXProject "iOS" */;
			compatibilityVersion = "Xcode 13.0";
			developmentRegion = en;
			hasScannedForEncodings = 0;
			knownRegions = (
				en,
				Base,
			);
			mainGroup = 6324C54D276CF7B700A6C0D9;
			productRefGroup = 6324C557276CF7B700A6C0D9 /* Products */;
			projectDirPath = "";
			projectRoot = "";
			targets = (
				6324C555276CF7B700A6C0D9 /* iOS */,
				6324C56B276CF7B700A6C0D9 /* iOSTests */,
				6324C575276CF7B700A6C0D9 /* iOSUITests */,
			);
		};
/* End PBXProject section */

/* Begin PBXResourcesBuildPhase section */
		6324C554276CF7B700A6C0D9 /* Resources */ = {
			isa = PBXResourcesBuildPhase;
			buildActionMask = 2147483647;
			files = (
				6324C566276CF7B700A6C0D9 /* LaunchScreen.storyboard in Resources */,
				6324C563276CF7B700A6C0D9 /* Assets.xcassets in Resources */,
				6324C561276CF7B700A6C0D9 /* Main.storyboard in Resources */,
			);
			runOnlyForDeploymentPostprocessing = 0;
		};
		6324C56A276CF7B700A6C0D9 /* Resources */ = {
			isa = PBXResourcesBuildPhase;
			buildActionMask = 2147483647;
			files = (
			);
			runOnlyForDeploymentPostprocessing = 0;
		};
		6324C574276CF7B700A6C0D9 /* Resources */ = {
			isa = PBXResourcesBuildPhase;
			buildActionMask = 2147483647;
			files = (
			);
			runOnlyForDeploymentPostprocessing = 0;
		};
/* End PBXResourcesBuildPhase section */

/* Begin PBXShellScriptBuildPhase section */
		0A8744A60F089BA7A3C9AC81 /* [CP] Embed Pods Frameworks */ = {
			isa = PBXShellScriptBuildPhase;
			buildActionMask = 2147483647;
			files = (
			);
			inputFileListPaths = (
				"${PODS_ROOT}/Target Support Files/Pods-iOS-iOSUITests/Pods-iOS-iOSUITests-frameworks-${CONFIGURATION}-input-files.xcfilelist",
			);
			name = "[CP] Embed Pods Frameworks";
			outputFileListPaths = (
				"${PODS_ROOT}/Target Support Files/Pods-iOS-iOSUITests/Pods-iOS-iOSUITests-frameworks-${CONFIGURATION}-output-files.xcfilelist",
			);
			runOnlyForDeploymentPostprocessing = 0;
			shellPath = /bin/sh;
			shellScript = "\"${PODS_ROOT}/Target Support Files/Pods-iOS-iOSUITests/Pods-iOS-iOSUITests-frameworks.sh\"\n";
			showEnvVarsInLog = 0;
		};
		5B542C3354039BDBB1B8710F /* [CP] Check Pods Manifest.lock */ = {
			isa = PBXShellScriptBuildPhase;
			buildActionMask = 2147483647;
			files = (
			);
			inputFileListPaths = (
			);
			inputPaths = (
				"${PODS_PODFILE_DIR_PATH}/Podfile.lock",
				"${PODS_ROOT}/Manifest.lock",
			);
			name = "[CP] Check Pods Manifest.lock";
			outputFileListPaths = (
			);
			outputPaths = (
				"$(DERIVED_FILE_DIR)/Pods-iOSTests-checkManifestLockResult.txt",
			);
			runOnlyForDeploymentPostprocessing = 0;
			shellPath = /bin/sh;
			shellScript = "diff \"${PODS_PODFILE_DIR_PATH}/Podfile.lock\" \"${PODS_ROOT}/Manifest.lock\" > /dev/null\nif [ $? != 0 ] ; then\n    # print error to STDERR\n    echo \"error: The sandbox is not in sync with the Podfile.lock. Run 'pod install' or update your CocoaPods installation.\" >&2\n    exit 1\nfi\n# This output is used by Xcode 'outputs' to avoid re-running this script phase.\necho \"SUCCESS\" > \"${SCRIPT_OUTPUT_FILE_0}\"\n";
			showEnvVarsInLog = 0;
		};
		749C978F9C5EE74A97E4B74F /* [CP] Embed Pods Frameworks */ = {
			isa = PBXShellScriptBuildPhase;
			buildActionMask = 2147483647;
			files = (
			);
			inputFileListPaths = (
				"${PODS_ROOT}/Target Support Files/Pods-iOS/Pods-iOS-frameworks-${CONFIGURATION}-input-files.xcfilelist",
			);
			name = "[CP] Embed Pods Frameworks";
			outputFileListPaths = (
				"${PODS_ROOT}/Target Support Files/Pods-iOS/Pods-iOS-frameworks-${CONFIGURATION}-output-files.xcfilelist",
			);
			runOnlyForDeploymentPostprocessing = 0;
			shellPath = /bin/sh;
			shellScript = "\"${PODS_ROOT}/Target Support Files/Pods-iOS/Pods-iOS-frameworks.sh\"\n";
			showEnvVarsInLog = 0;
		};
		AD165520ACDC5322AAB2B860 /* [CP] Check Pods Manifest.lock */ = {
			isa = PBXShellScriptBuildPhase;
			buildActionMask = 2147483647;
			files = (
			);
			inputFileListPaths = (
			);
			inputPaths = (
				"${PODS_PODFILE_DIR_PATH}/Podfile.lock",
				"${PODS_ROOT}/Manifest.lock",
			);
			name = "[CP] Check Pods Manifest.lock";
			outputFileListPaths = (
			);
			outputPaths = (
				"$(DERIVED_FILE_DIR)/Pods-iOS-checkManifestLockResult.txt",
			);
			runOnlyForDeploymentPostprocessing = 0;
			shellPath = /bin/sh;
			shellScript = "diff \"${PODS_PODFILE_DIR_PATH}/Podfile.lock\" \"${PODS_ROOT}/Manifest.lock\" > /dev/null\nif [ $? != 0 ] ; then\n    # print error to STDERR\n    echo \"error: The sandbox is not in sync with the Podfile.lock. Run 'pod install' or update your CocoaPods installation.\" >&2\n    exit 1\nfi\n# This output is used by Xcode 'outputs' to avoid re-running this script phase.\necho \"SUCCESS\" > \"${SCRIPT_OUTPUT_FILE_0}\"\n";
			showEnvVarsInLog = 0;
		};
		D8732CB3D68C5CDBA80E7134 /* [CP-User] Run Flutter Build add_app Script */ = {
			isa = PBXShellScriptBuildPhase;
			buildActionMask = 2147483647;
			files = (
			);
			name = "[CP-User] Run Flutter Build add_app Script";
			runOnlyForDeploymentPostprocessing = 0;
			shellPath = /bin/sh;
			shellScript = "set -e\nset -u\nsource \"${SRCROOT}/../add_app/.ios/Flutter/flutter_export_environment.sh\"\nexport VERBOSE_SCRIPT_LOGGING=1 && \"$FLUTTER_ROOT\"/packages/flutter_tools/bin/xcode_backend.sh build";
		};
		EDE23AA16C6CD7B900CE883B /* [CP] Check Pods Manifest.lock */ = {
			isa = PBXShellScriptBuildPhase;
			buildActionMask = 2147483647;
			files = (
			);
			inputFileListPaths = (
			);
			inputPaths = (
				"${PODS_PODFILE_DIR_PATH}/Podfile.lock",
				"${PODS_ROOT}/Manifest.lock",
			);
			name = "[CP] Check Pods Manifest.lock";
			outputFileListPaths = (
			);
			outputPaths = (
				"$(DERIVED_FILE_DIR)/Pods-iOS-iOSUITests-checkManifestLockResult.txt",
			);
			runOnlyForDeploymentPostprocessing = 0;
			shellPath = /bin/sh;
			shellScript = "diff \"${PODS_PODFILE_DIR_PATH}/Podfile.lock\" \"${PODS_ROOT}/Manifest.lock\" > /dev/null\nif [ $? != 0 ] ; then\n    # print error to STDERR\n    echo \"error: The sandbox is not in sync with the Podfile.lock. Run 'pod install' or update your CocoaPods installation.\" >&2\n    exit 1\nfi\n# This output is used by Xcode 'outputs' to avoid re-running this script phase.\necho \"SUCCESS\" > \"${SCRIPT_OUTPUT_FILE_0}\"\n";
			showEnvVarsInLog = 0;
		};
/* End PBXShellScriptBuildPhase section */

/* Begin PBXSourcesBuildPhase section */
		6324C552276CF7B700A6C0D9 /* Sources */ = {
			isa = PBXSourcesBuildPhase;
			buildActionMask = 2147483647;
			files = (
				6324C55E276CF7B700A6C0D9 /* ViewController.swift in Sources */,
				6324C55A276CF7B700A6C0D9 /* AppDelegate.swift in Sources */,
				6324C55C276CF7B700A6C0D9 /* SceneDelegate.swift in Sources */,
			);
			runOnlyForDeploymentPostprocessing = 0;
		};
		6324C568276CF7B700A6C0D9 /* Sources */ = {
			isa = PBXSourcesBuildPhase;
			buildActionMask = 2147483647;
			files = (
				6324C571276CF7B700A6C0D9 /* iOSTests.swift in Sources */,
			);
			runOnlyForDeploymentPostprocessing = 0;
		};
		6324C572276CF7B700A6C0D9 /* Sources */ = {
			isa = PBXSourcesBuildPhase;
			buildActionMask = 2147483647;
			files = (
				6324C57D276CF7B700A6C0D9 /* iOSUITestsLaunchTests.swift in Sources */,
				6324C57B276CF7B700A6C0D9 /* iOSUITests.swift in Sources */,
			);
			runOnlyForDeploymentPostprocessing = 0;
		};
/* End PBXSourcesBuildPhase section */

/* Begin PBXTargetDependency section */
		6324C56E276CF7B700A6C0D9 /* PBXTargetDependency */ = {
			isa = PBXTargetDependency;
			target = 6324C555276CF7B700A6C0D9 /* iOS */;
			targetProxy = 6324C56D276CF7B700A6C0D9 /* PBXContainerItemProxy */;
		};
		6324C578276CF7B700A6C0D9 /* PBXTargetDependency */ = {
			isa = PBXTargetDependency;
			target = 6324C555276CF7B700A6C0D9 /* iOS */;
			targetProxy = 6324C577276CF7B700A6C0D9 /* PBXContainerItemProxy */;
		};
/* End PBXTargetDependency section */

/* Begin PBXVariantGroup section */
		6324C55F276CF7B700A6C0D9 /* Main.storyboard */ = {
			isa = PBXVariantGroup;
			children = (
				6324C560276CF7B700A6C0D9 /* Base */,
			);
			name = Main.storyboard;
			sourceTree = "<group>";
		};
		6324C564276CF7B700A6C0D9 /* LaunchScreen.storyboard */ = {
			isa = PBXVariantGroup;
			children = (
				6324C565276CF7B700A6C0D9 /* Base */,
			);
			name = LaunchScreen.storyboard;
			sourceTree = "<group>";
		};
/* End PBXVariantGroup section */

/* Begin XCBuildConfiguration section */
		6324C57E276CF7B700A6C0D9 /* Debug */ = {
			isa = XCBuildConfiguration;
			buildSettings = {
				ALWAYS_SEARCH_USER_PATHS = NO;
				CLANG_ANALYZER_NONNULL = YES;
				CLANG_ANALYZER_NUMBER_OBJECT_CONVERSION = YES_AGGRESSIVE;
				CLANG_CXX_LANGUAGE_STANDARD = "gnu++17";
				CLANG_CXX_LIBRARY = "libc++";
				CLANG_ENABLE_MODULES = YES;
				CLANG_ENABLE_OBJC_ARC = YES;
				CLANG_ENABLE_OBJC_WEAK = YES;
				CLANG_WARN_BLOCK_CAPTURE_AUTORELEASING = YES;
				CLANG_WARN_BOOL_CONVERSION = YES;
				CLANG_WARN_COMMA = YES;
				CLANG_WARN_CONSTANT_CONVERSION = YES;
				CLANG_WARN_DEPRECATED_OBJC_IMPLEMENTATIONS = YES;
				CLANG_WARN_DIRECT_OBJC_ISA_USAGE = YES_ERROR;
				CLANG_WARN_DOCUMENTATION_COMMENTS = YES;
				CLANG_WARN_EMPTY_BODY = YES;
				CLANG_WARN_ENUM_CONVERSION = YES;
				CLANG_WARN_INFINITE_RECURSION = YES;
				CLANG_WARN_INT_CONVERSION = YES;
				CLANG_WARN_NON_LITERAL_NULL_CONVERSION = YES;
				CLANG_WARN_OBJC_IMPLICIT_RETAIN_SELF = YES;
				CLANG_WARN_OBJC_LITERAL_CONVERSION = YES;
				CLANG_WARN_OBJC_ROOT_CLASS = YES_ERROR;
				CLANG_WARN_QUOTED_INCLUDE_IN_FRAMEWORK_HEADER = YES;
				CLANG_WARN_RANGE_LOOP_ANALYSIS = YES;
				CLANG_WARN_STRICT_PROTOTYPES = YES;
				CLANG_WARN_SUSPICIOUS_MOVE = YES;
				CLANG_WARN_UNGUARDED_AVAILABILITY = YES_AGGRESSIVE;
				CLANG_WARN_UNREACHABLE_CODE = YES;
				CLANG_WARN__DUPLICATE_METHOD_MATCH = YES;
				COPY_PHASE_STRIP = NO;
				DEBUG_INFORMATION_FORMAT = dwarf;
				ENABLE_STRICT_OBJC_MSGSEND = YES;
				ENABLE_TESTABILITY = YES;
				GCC_C_LANGUAGE_STANDARD = gnu11;
				GCC_DYNAMIC_NO_PIC = NO;
				GCC_NO_COMMON_BLOCKS = YES;
				GCC_OPTIMIZATION_LEVEL = 0;
				GCC_PREPROCESSOR_DEFINITIONS = (
					"DEBUG=1",
					"$(inherited)",
				);
				GCC_WARN_64_TO_32_BIT_CONVERSION = YES;
				GCC_WARN_ABOUT_RETURN_TYPE = YES_ERROR;
				GCC_WARN_UNDECLARED_SELECTOR = YES;
				GCC_WARN_UNINITIALIZED_AUTOS = YES_AGGRESSIVE;
				GCC_WARN_UNUSED_FUNCTION = YES;
				GCC_WARN_UNUSED_VARIABLE = YES;
				IPHONEOS_DEPLOYMENT_TARGET = 15.2;
				MTL_ENABLE_DEBUG_INFO = INCLUDE_SOURCE;
				MTL_FAST_MATH = YES;
				ONLY_ACTIVE_ARCH = YES;
				SDKROOT = iphoneos;
				SWIFT_ACTIVE_COMPILATION_CONDITIONS = DEBUG;
				SWIFT_OPTIMIZATION_LEVEL = "-Onone";
			};
			name = Debug;
		};
		6324C57F276CF7B700A6C0D9 /* Release */ = {
			isa = XCBuildConfiguration;
			buildSettings = {
				ALWAYS_SEARCH_USER_PATHS = NO;
				CLANG_ANALYZER_NONNULL = YES;
				CLANG_ANALYZER_NUMBER_OBJECT_CONVERSION = YES_AGGRESSIVE;
				CLANG_CXX_LANGUAGE_STANDARD = "gnu++17";
				CLANG_CXX_LIBRARY = "libc++";
				CLANG_ENABLE_MODULES = YES;
				CLANG_ENABLE_OBJC_ARC = YES;
				CLANG_ENABLE_OBJC_WEAK = YES;
				CLANG_WARN_BLOCK_CAPTURE_AUTORELEASING = YES;
				CLANG_WARN_BOOL_CONVERSION = YES;
				CLANG_WARN_COMMA = YES;
				CLANG_WARN_CONSTANT_CONVERSION = YES;
				CLANG_WARN_DEPRECATED_OBJC_IMPLEMENTATIONS = YES;
				CLANG_WARN_DIRECT_OBJC_ISA_USAGE = YES_ERROR;
				CLANG_WARN_DOCUMENTATION_COMMENTS = YES;
				CLANG_WARN_EMPTY_BODY = YES;
				CLANG_WARN_ENUM_CONVERSION = YES;
				CLANG_WARN_INFINITE_RECURSION = YES;
				CLANG_WARN_INT_CONVERSION = YES;
				CLANG_WARN_NON_LITERAL_NULL_CONVERSION = YES;
				CLANG_WARN_OBJC_IMPLICIT_RETAIN_SELF = YES;
				CLANG_WARN_OBJC_LITERAL_CONVERSION = YES;
				CLANG_WARN_OBJC_ROOT_CLASS = YES_ERROR;
				CLANG_WARN_QUOTED_INCLUDE_IN_FRAMEWORK_HEADER = YES;
				CLANG_WARN_RANGE_LOOP_ANALYSIS = YES;
				CLANG_WARN_STRICT_PROTOTYPES = YES;
				CLANG_WARN_SUSPICIOUS_MOVE = YES;
				CLANG_WARN_UNGUARDED_AVAILABILITY = YES_AGGRESSIVE;
				CLANG_WARN_UNREACHABLE_CODE = YES;
				CLANG_WARN__DUPLICATE_METHOD_MATCH = YES;
				COPY_PHASE_STRIP = NO;
				DEBUG_INFORMATION_FORMAT = "dwarf-with-dsym";
				ENABLE_NS_ASSERTIONS = NO;
				ENABLE_STRICT_OBJC_MSGSEND = YES;
				GCC_C_LANGUAGE_STANDARD = gnu11;
				GCC_NO_COMMON_BLOCKS = YES;
				GCC_WARN_64_TO_32_BIT_CONVERSION = YES;
				GCC_WARN_ABOUT_RETURN_TYPE = YES_ERROR;
				GCC_WARN_UNDECLARED_SELECTOR = YES;
				GCC_WARN_UNINITIALIZED_AUTOS = YES_AGGRESSIVE;
				GCC_WARN_UNUSED_FUNCTION = YES;
				GCC_WARN_UNUSED_VARIABLE = YES;
				IPHONEOS_DEPLOYMENT_TARGET = 15.2;
				MTL_ENABLE_DEBUG_INFO = NO;
				MTL_FAST_MATH = YES;
				SDKROOT = iphoneos;
				SWIFT_COMPILATION_MODE = wholemodule;
				SWIFT_OPTIMIZATION_LEVEL = "-O";
				VALIDATE_PRODUCT = YES;
			};
			name = Release;
		};
		6324C581276CF7B700A6C0D9 /* Debug */ = {
			isa = XCBuildConfiguration;
			baseConfigurationReference = 63B6114262AABDA8FF263245 /* Pods-iOS.debug.xcconfig */;
			buildSettings = {
				ASSETCATALOG_COMPILER_APPICON_NAME = AppIcon;
				ASSETCATALOG_COMPILER_GLOBAL_ACCENT_COLOR_NAME = AccentColor;
				CODE_SIGN_STYLE = Automatic;
				CURRENT_PROJECT_VERSION = 1;
				GENERATE_INFOPLIST_FILE = YES;
				INFOPLIST_FILE = iOS/Info.plist;
				INFOPLIST_KEY_UIApplicationSupportsIndirectInputEvents = YES;
				INFOPLIST_KEY_UILaunchStoryboardName = LaunchScreen;
				INFOPLIST_KEY_UIMainStoryboardFile = Main;
				INFOPLIST_KEY_UISupportedInterfaceOrientations_iPad = "UIInterfaceOrientationPortrait UIInterfaceOrientationPortraitUpsideDown UIInterfaceOrientationLandscapeLeft UIInterfaceOrientationLandscapeRight";
				INFOPLIST_KEY_UISupportedInterfaceOrientations_iPhone = "UIInterfaceOrientationPortrait UIInterfaceOrientationLandscapeLeft UIInterfaceOrientationLandscapeRight";
				LD_RUNPATH_SEARCH_PATHS = (
					"$(inherited)",
					"@executable_path/Frameworks",
				);
				MARKETING_VERSION = 1.0;
				PRODUCT_BUNDLE_IDENTIFIER = anggach.com.iOS;
				PRODUCT_NAME = "$(TARGET_NAME)";
				SWIFT_EMIT_LOC_STRINGS = YES;
				SWIFT_VERSION = 5.0;
				TARGETED_DEVICE_FAMILY = "1,2";
			};
			name = Debug;
		};
		6324C582276CF7B700A6C0D9 /* Release */ = {
			isa = XCBuildConfiguration;
			baseConfigurationReference = C5F3FCFA458B4941EECF687B /* Pods-iOS.release.xcconfig */;
			buildSettings = {
				ASSETCATALOG_COMPILER_APPICON_NAME = AppIcon;
				ASSETCATALOG_COMPILER_GLOBAL_ACCENT_COLOR_NAME = AccentColor;
				CODE_SIGN_STYLE = Automatic;
				CURRENT_PROJECT_VERSION = 1;
				GENERATE_INFOPLIST_FILE = YES;
				INFOPLIST_FILE = iOS/Info.plist;
				INFOPLIST_KEY_UIApplicationSupportsIndirectInputEvents = YES;
				INFOPLIST_KEY_UILaunchStoryboardName = LaunchScreen;
				INFOPLIST_KEY_UIMainStoryboardFile = Main;
				INFOPLIST_KEY_UISupportedInterfaceOrientations_iPad = "UIInterfaceOrientationPortrait UIInterfaceOrientationPortraitUpsideDown UIInterfaceOrientationLandscapeLeft UIInterfaceOrientationLandscapeRight";
				INFOPLIST_KEY_UISupportedInterfaceOrientations_iPhone = "UIInterfaceOrientationPortrait UIInterfaceOrientationLandscapeLeft UIInterfaceOrientationLandscapeRight";
				LD_RUNPATH_SEARCH_PATHS = (
					"$(inherited)",
					"@executable_path/Frameworks",
				);
				MARKETING_VERSION = 1.0;
				PRODUCT_BUNDLE_IDENTIFIER = anggach.com.iOS;
				PRODUCT_NAME = "$(TARGET_NAME)";
				SWIFT_EMIT_LOC_STRINGS = YES;
				SWIFT_VERSION = 5.0;
				TARGETED_DEVICE_FAMILY = "1,2";
			};
			name = Release;
		};
		6324C584276CF7B700A6C0D9 /* Debug */ = {
			isa = XCBuildConfiguration;
			baseConfigurationReference = E0ECB1037960235BD62C87B2 /* Pods-iOSTests.debug.xcconfig */;
			buildSettings = {
				ALWAYS_EMBED_SWIFT_STANDARD_LIBRARIES = YES;
				BUNDLE_LOADER = "$(TEST_HOST)";
				CODE_SIGN_STYLE = Automatic;
				CURRENT_PROJECT_VERSION = 1;
				GENERATE_INFOPLIST_FILE = YES;
				IPHONEOS_DEPLOYMENT_TARGET = 15.2;
				MARKETING_VERSION = 1.0;
				PRODUCT_BUNDLE_IDENTIFIER = anggach.com.iOSTests;
				PRODUCT_NAME = "$(TARGET_NAME)";
				SWIFT_EMIT_LOC_STRINGS = NO;
				SWIFT_VERSION = 5.0;
				TARGETED_DEVICE_FAMILY = "1,2";
				TEST_HOST = "$(BUILT_PRODUCTS_DIR)/iOS.app/iOS";
			};
			name = Debug;
		};
		6324C585276CF7B700A6C0D9 /* Release */ = {
			isa = XCBuildConfiguration;
			baseConfigurationReference = 17753F0FFB57FBF1327B47F3 /* Pods-iOSTests.release.xcconfig */;
			buildSettings = {
				ALWAYS_EMBED_SWIFT_STANDARD_LIBRARIES = YES;
				BUNDLE_LOADER = "$(TEST_HOST)";
				CODE_SIGN_STYLE = Automatic;
				CURRENT_PROJECT_VERSION = 1;
				GENERATE_INFOPLIST_FILE = YES;
				IPHONEOS_DEPLOYMENT_TARGET = 15.2;
				MARKETING_VERSION = 1.0;
				PRODUCT_BUNDLE_IDENTIFIER = anggach.com.iOSTests;
				PRODUCT_NAME = "$(TARGET_NAME)";
				SWIFT_EMIT_LOC_STRINGS = NO;
				SWIFT_VERSION = 5.0;
				TARGETED_DEVICE_FAMILY = "1,2";
				TEST_HOST = "$(BUILT_PRODUCTS_DIR)/iOS.app/iOS";
			};
			name = Release;
		};
		6324C587276CF7B700A6C0D9 /* Debug */ = {
			isa = XCBuildConfiguration;
			baseConfigurationReference = 7984EFABFED80270313A2543 /* Pods-iOS-iOSUITests.debug.xcconfig */;
			buildSettings = {
				ALWAYS_EMBED_SWIFT_STANDARD_LIBRARIES = YES;
				CODE_SIGN_STYLE = Automatic;
				CURRENT_PROJECT_VERSION = 1;
				GENERATE_INFOPLIST_FILE = YES;
				MARKETING_VERSION = 1.0;
				PRODUCT_BUNDLE_IDENTIFIER = anggach.com.iOSUITests;
				PRODUCT_NAME = "$(TARGET_NAME)";
				SWIFT_EMIT_LOC_STRINGS = NO;
				SWIFT_VERSION = 5.0;
				TARGETED_DEVICE_FAMILY = "1,2";
				TEST_TARGET_NAME = iOS;
			};
			name = Debug;
		};
		6324C588276CF7B700A6C0D9 /* Release */ = {
			isa = XCBuildConfiguration;
			baseConfigurationReference = A8ADC5DE11BC348E0577BBA0 /* Pods-iOS-iOSUITests.release.xcconfig */;
			buildSettings = {
				ALWAYS_EMBED_SWIFT_STANDARD_LIBRARIES = YES;
				CODE_SIGN_STYLE = Automatic;
				CURRENT_PROJECT_VERSION = 1;
				GENERATE_INFOPLIST_FILE = YES;
				MARKETING_VERSION = 1.0;
				PRODUCT_BUNDLE_IDENTIFIER = anggach.com.iOSUITests;
				PRODUCT_NAME = "$(TARGET_NAME)";
				SWIFT_EMIT_LOC_STRINGS = NO;
				SWIFT_VERSION = 5.0;
				TARGETED_DEVICE_FAMILY = "1,2";
				TEST_TARGET_NAME = iOS;
			};
			name = Release;
		};
/* End XCBuildConfiguration section */

/* Begin XCConfigurationList section */
		6324C551276CF7B700A6C0D9 /* Build configuration list for PBXProject "iOS" */ = {
			isa = XCConfigurationList;
			buildConfigurations = (
				6324C57E276CF7B700A6C0D9 /* Debug */,
				6324C57F276CF7B700A6C0D9 /* Release */,
			);
			defaultConfigurationIsVisible = 0;
			defaultConfigurationName = Release;
		};
		6324C580276CF7B700A6C0D9 /* Build configuration list for PBXNativeTarget "iOS" */ = {
			isa = XCConfigurationList;
			buildConfigurations = (
				6324C581276CF7B700A6C0D9 /* Debug */,
				6324C582276CF7B700A6C0D9 /* Release */,
			);
			defaultConfigurationIsVisible = 0;
			defaultConfigurationName = Release;
		};
		6324C583276CF7B700A6C0D9 /* Build configuration list for PBXNativeTarget "iOSTests" */ = {
			isa = XCConfigurationList;
			buildConfigurations = (
				6324C584276CF7B700A6C0D9 /* Debug */,
				6324C585276CF7B700A6C0D9 /* Release */,
			);
			defaultConfigurationIsVisible = 0;
			defaultConfigurationName = Release;
		};
		6324C586276CF7B700A6C0D9 /* Build configuration list for PBXNativeTarget "iOSUITests" */ = {
			isa = XCConfigurationList;
			buildConfigurations = (
				6324C587276CF7B700A6C0D9 /* Debug */,
				6324C588276CF7B700A6C0D9 /* Release */,
			);
			defaultConfigurationIsVisible = 0;
			defaultConfigurationName = Release;
		};
/* End XCConfigurationList section */
	};
	rootObject = 6324C54E276CF7B700A6C0D9 /* Project object */;
}
